
Microsoft Visual Studio Solution File, Format Version 12.00
# Visual Studio Version 16
VisualStudioVersion = 16.0.31515.178
MinimumVisualStudioVersion = 10.0.40219.1
Project("{FAE04EC0-301F-11D3-BF4B-00C04F79EFBC}") = "day4", "day4.csproj", "{3520EA4E-D797-409E-B365-6DAC68CB7523}"
EndProject
Global
	GlobalSection(SolutionConfigurationPlatforms) = preSolution
		Debug|Any CPU = Debug|Any CPU
		Release|Any CPU = Release|Any CPU
	EndGlobalSection
	GlobalSection(ProjectConfigurationPlatforms) = postSolution
		{3520EA4E-D797-409E-B365-6DAC68CB7523}.Debug|Any CPU.ActiveCfg = Debug|Any CPU
		{3520EA4E-D797-409E-B365-6DAC68CB7523}.Debug|Any CPU.Build.0 = Debug|Any CPU
		{3520EA4E-D797-409E-B365-6DAC68CB7523}.Release|Any CPU.ActiveCfg = Release|Any CPU
		{3520EA4E-D797-409E-B365-6DAC68CB7523}.Release|Any CPU.Build.0 = Release|Any CPU
	EndGlobalSection
	GlobalSection(SolutionProperties) = preSolution
		HideSolutionNode = FALSE
	EndGlobalSection
	GlobalSection(ExtensibilityGlobals) = postSolution
		SolutionGuid = {F0A68A73-5C4B-4F30-9069-FEF664854AE3}
	EndGlobalSection
EndGlobal
